
Microsoft Visual Studio Solution File, Format Version 12.00
# Visual Studio Version 17
VisualStudioVersion = 17.5.33414.496
MinimumVisualStudioVersion = 10.0.40219.1
Project("{FAE04EC0-301F-11D3-BF4B-00C04F79EFBC}") = "ADS-randomized", "ADS-randomized.csproj", "{A5A3239D-08C8-4597-A419-7E80B47E6D01}"
EndProject
Global
	GlobalSection(SolutionConfigurationPlatforms) = preSolution
		Debug|Any CPU = Debug|Any CPU
		Release|Any CPU = Release|Any CPU
	EndGlobalSection
	GlobalSection(ProjectConfigurationPlatforms) = postSolution
		{A5A3239D-08C8-4597-A419-7E80B47E6D01}.Debug|Any CPU.ActiveCfg = Debug|Any CPU
		{A5A3239D-08C8-4597-A419-7E80B47E6D01}.Debug|Any CPU.Build.0 = Debug|Any CPU
		{A5A3239D-08C8-4597-A419-7E80B47E6D01}.Release|Any CPU.ActiveCfg = Release|Any CPU
		{A5A3239D-08C8-4597-A419-7E80B47E6D01}.Release|Any CPU.Build.0 = Release|Any CPU
	EndGlobalSection
	GlobalSection(SolutionProperties) = preSolution
		HideSolutionNode = FALSE
	EndGlobalSection
	GlobalSection(ExtensibilityGlobals) = postSolution
		SolutionGuid = {29C88407-E46B-45F3-B940-18130AC6D8C5}
	EndGlobalSection
EndGlobal
